
Microsoft Visual Studio Solution File, Format Version 12.00
# Visual Studio Version 17
VisualStudioVersion = 17.5.002.0
MinimumVisualStudioVersion = 10.0.40219.1
Project("{9A19103F-16F7-4668-BE54-9A1E7A4F7556}") = "SignalRStuff", "SignalRStuff.csproj", "{77FDC9A0-4641-420A-BE79-234CC59B035F}"
EndProject
Global
	GlobalSection(SolutionConfigurationPlatforms) = preSolution
		Debug|Any CPU = Debug|Any CPU
		Release|Any CPU = Release|Any CPU
	EndGlobalSection
	GlobalSection(ProjectConfigurationPlatforms) = postSolution
		{77FDC9A0-4641-420A-BE79-234CC59B035F}.Debug|Any CPU.ActiveCfg = Debug|Any CPU
		{77FDC9A0-4641-420A-BE79-234CC59B035F}.Debug|Any CPU.Build.0 = Debug|Any CPU
		{77FDC9A0-4641-420A-BE79-234CC59B035F}.Release|Any CPU.ActiveCfg = Release|Any CPU
		{77FDC9A0-4641-420A-BE79-234CC59B035F}.Release|Any CPU.Build.0 = Release|Any CPU
	EndGlobalSection
	GlobalSection(SolutionProperties) = preSolution
		HideSolutionNode = FALSE
	EndGlobalSection
	GlobalSection(ExtensibilityGlobals) = postSolution
		SolutionGuid = {E4D97C2C-0B0E-4886-92B6-15D4E6AFBA81}
	EndGlobalSection
EndGlobal
